
Microsoft Visual Studio Solution File, Format Version 12.00
# Visual Studio Version 17
VisualStudioVersion = 17.11.35327.3
MinimumVisualStudioVersion = 10.0.40219.1
Project("{FAE04EC0-301F-11D3-BF4B-00C04F79EFBC}") = "KashmiriTourister", "KashmiriTourister\KashmiriTourister.csproj", "{5192B7AF-B64F-4F76-AB8A-A69ABF81B0BB}"
EndProject
Global
	GlobalSection(SolutionConfigurationPlatforms) = preSolution
		Debug|Any CPU = Debug|Any CPU
		Release|Any CPU = Release|Any CPU
	EndGlobalSection
	GlobalSection(ProjectConfigurationPlatforms) = postSolution
		{5192B7AF-B64F-4F76-AB8A-A69ABF81B0BB}.Debug|Any CPU.ActiveCfg = Debug|Any CPU
		{5192B7AF-B64F-4F76-AB8A-A69ABF81B0BB}.Debug|Any CPU.Build.0 = Debug|Any CPU
		{5192B7AF-B64F-4F76-AB8A-A69ABF81B0BB}.Release|Any CPU.ActiveCfg = Release|Any CPU
		{5192B7AF-B64F-4F76-AB8A-A69ABF81B0BB}.Release|Any CPU.Build.0 = Release|Any CPU
	EndGlobalSection
	GlobalSection(SolutionProperties) = preSolution
		HideSolutionNode = FALSE
	EndGlobalSection
	GlobalSection(ExtensibilityGlobals) = postSolution
		SolutionGuid = {5D6AA7E9-A829-47D4-986D-D7D167C485F9}
	EndGlobalSection
EndGlobal
